// !$*UTF8*$!
{
	archiveVersion = 1;
	classes = {
	};
	objectVersion = 56;
	objects = {

/* Begin PBXBuildFile section */
		1DE0302A2B5E3AE600BAD518 /* HomeView.swift in Sources */ = {isa = PBXBuildFile; fileRef = 1DE030292B5E3AE600BAD518 /* HomeView.swift */; };
		1DE0302C2B5E3AF300BAD518 /* CommunityView.swift in Sources */ = {isa = PBXBuildFile; fileRef = 1DE0302B2B5E3AF300BAD518 /* CommunityView.swift */; };
		3329BC022B6102370099EDC4 /* eight-movement.json in Resources */ = {isa = PBXBuildFile; fileRef = 3329BC012B6102370099EDC4 /* eight-movement.json */; };
		336529BD2B5F872500078CF0 /* EightMovementView.swift in Sources */ = {isa = PBXBuildFile; fileRef = 336529BC2B5F872500078CF0 /* EightMovementView.swift */; };
		336529BF2B600B9100078CF0 /* EightLottieView.swift in Sources */ = {isa = PBXBuildFile; fileRef = 336529BE2B600B9100078CF0 /* EightLottieView.swift */; };
		43A9BBC7C51E5E20BA9CF7D2 /* Pods_EYE_Mate.framework in Frameworks */ = {isa = PBXBuildFile; fileRef = 58FECEF218473FFCB6C5FEAA /* Pods_EYE_Mate.framework */; };
		5296A1402B5EAD7E00299A0A /* CustomTabPage.swift in Sources */ = {isa = PBXBuildFile; fileRef = 5296A13F2B5EAD7E00299A0A /* CustomTabPage.swift */; };
		5296A1462B5F3EBC00299A0A /* MapView.swift in Sources */ = {isa = PBXBuildFile; fileRef = 5296A1452B5F3EBC00299A0A /* MapView.swift */; };
		5296A14F2B5F5FC500299A0A /* APIKEY.plist in Resources */ = {isa = PBXBuildFile; fileRef = 5296A14E2B5F5FC500299A0A /* APIKEY.plist */; };
		52DC8CD72B5EAA080022B017 /* GoogleService-Info.plist in Resources */ = {isa = PBXBuildFile; fileRef = 52DC8CD52B5EAA080022B017 /* GoogleService-Info.plist */; };
		52EE56C32B5E2AF200C6D423 /* RecordView.swift in Sources */ = {isa = PBXBuildFile; fileRef = 52EE56C22B5E2AF200C6D423 /* RecordView.swift */; };
		52EE56C52B5E2AFF00C6D423 /* EyeSenseView.swift in Sources */ = {isa = PBXBuildFile; fileRef = 52EE56C42B5E2AFF00C6D423 /* EyeSenseView.swift */; };
		52EE56C72B5E2B0B00C6D423 /* VisionTestView.swift in Sources */ = {isa = PBXBuildFile; fileRef = 52EE56C62B5E2B0B00C6D423 /* VisionTestView.swift */; };
		52EE56CA2B5E2B2A00C6D423 /* MovementView.swift in Sources */ = {isa = PBXBuildFile; fileRef = 52EE56C92B5E2B2A00C6D423 /* MovementView.swift */; };
		52EE56CF2B5E2C8100C6D423 /* FreeBoardView.swift in Sources */ = {isa = PBXBuildFile; fileRef = 52EE56CE2B5E2C8100C6D423 /* FreeBoardView.swift */; };
		52EE56D12B5E2C8900C6D423 /* FAQView.swift in Sources */ = {isa = PBXBuildFile; fileRef = 52EE56D02B5E2C8900C6D423 /* FAQView.swift */; };
		52EE56D52B5E2D0300C6D423 /* EyeMapView.swift in Sources */ = {isa = PBXBuildFile; fileRef = 52EE56D42B5E2D0300C6D423 /* EyeMapView.swift */; };
		52EE56D72B5E2D0A00C6D423 /* ProfileView.swift in Sources */ = {isa = PBXBuildFile; fileRef = 52EE56D62B5E2D0A00C6D423 /* ProfileView.swift */; };
		52EE56DA2B5E2D4F00C6D423 /* AccountView.swift in Sources */ = {isa = PBXBuildFile; fileRef = 52EE56D92B5E2D4F00C6D423 /* AccountView.swift */; };
		52EE56DC2B5E2E8F00C6D423 /* CustomBtn.swift in Sources */ = {isa = PBXBuildFile; fileRef = 52EE56DB2B5E2E8F00C6D423 /* CustomBtn.swift */; };
		52FB98912B5F861B00F6A284 /* Places.swift in Sources */ = {isa = PBXBuildFile; fileRef = 52FB98902B5F861B00F6A284 /* Places.swift */; };
		71027A562B5DEAE000879DA7 /* EYE_MateApp.swift in Sources */ = {isa = PBXBuildFile; fileRef = 71027A552B5DEAE000879DA7 /* EYE_MateApp.swift */; };
		71027A582B5DEAE000879DA7 /* MainView.swift in Sources */ = {isa = PBXBuildFile; fileRef = 71027A572B5DEAE000879DA7 /* MainView.swift */; };
		71027A5A2B5DEAE200879DA7 /* Assets.xcassets in Resources */ = {isa = PBXBuildFile; fileRef = 71027A592B5DEAE200879DA7 /* Assets.xcassets */; };
		71027A5D2B5DEAE200879DA7 /* Preview Assets.xcassets in Resources */ = {isa = PBXBuildFile; fileRef = 71027A5C2B5DEAE200879DA7 /* Preview Assets.xcassets */; };
		713F4EF12B5E06FE00694F05 /* ColorLiterals.swift in Sources */ = {isa = PBXBuildFile; fileRef = 713F4EF02B5E06FE00694F05 /* ColorLiterals.swift */; };
		713F4EF32B5E070700694F05 /* FontLiterals.swift in Sources */ = {isa = PBXBuildFile; fileRef = 713F4EF22B5E070700694F05 /* FontLiterals.swift */; };
		713F4F072B5E082700694F05 /* Pretendard-Light.otf in Resources */ = {isa = PBXBuildFile; fileRef = 713F4EFE2B5E082700694F05 /* Pretendard-Light.otf */; };
		713F4F082B5E082700694F05 /* Pretendard-SemiBold.otf in Resources */ = {isa = PBXBuildFile; fileRef = 713F4EFF2B5E082700694F05 /* Pretendard-SemiBold.otf */; };
		713F4F092B5E082700694F05 /* Pretendard-ExtraLight.otf in Resources */ = {isa = PBXBuildFile; fileRef = 713F4F002B5E082700694F05 /* Pretendard-ExtraLight.otf */; };
		713F4F0A2B5E082700694F05 /* Pretendard-Medium.otf in Resources */ = {isa = PBXBuildFile; fileRef = 713F4F012B5E082700694F05 /* Pretendard-Medium.otf */; };
		713F4F0B2B5E082700694F05 /* Pretendard-Thin.otf in Resources */ = {isa = PBXBuildFile; fileRef = 713F4F022B5E082700694F05 /* Pretendard-Thin.otf */; };
		713F4F0C2B5E082700694F05 /* Pretendard-Bold.otf in Resources */ = {isa = PBXBuildFile; fileRef = 713F4F032B5E082700694F05 /* Pretendard-Bold.otf */; };
		713F4F0D2B5E082700694F05 /* Pretendard-Black.otf in Resources */ = {isa = PBXBuildFile; fileRef = 713F4F042B5E082700694F05 /* Pretendard-Black.otf */; };
		713F4F0E2B5E082700694F05 /* Pretendard-Regular.otf in Resources */ = {isa = PBXBuildFile; fileRef = 713F4F052B5E082700694F05 /* Pretendard-Regular.otf */; };
		713F4F0F2B5E082700694F05 /* Pretendard-ExtraBold.otf in Resources */ = {isa = PBXBuildFile; fileRef = 713F4F062B5E082700694F05 /* Pretendard-ExtraBold.otf */; };
		71EC7F252B5E7FAE00C0149C /* EmptyModel.swift in Sources */ = {isa = PBXBuildFile; fileRef = 71EC7F242B5E7FAE00C0149C /* EmptyModel.swift */; };
		71EC7F282B5E81AB00C0149C /* Bundle+.swift in Sources */ = {isa = PBXBuildFile; fileRef = 71EC7F272B5E81AB00C0149C /* Bundle+.swift */; };
/* End PBXBuildFile section */

/* Begin PBXFileReference section */
		1DE030292B5E3AE600BAD518 /* HomeView.swift */ = {isa = PBXFileReference; lastKnownFileType = sourcecode.swift; path = HomeView.swift; sourceTree = "<group>"; };
		1DE0302B2B5E3AF300BAD518 /* CommunityView.swift */ = {isa = PBXFileReference; lastKnownFileType = sourcecode.swift; path = CommunityView.swift; sourceTree = "<group>"; };
		3329BC012B6102370099EDC4 /* eight-movement.json */ = {isa = PBXFileReference; fileEncoding = 4; lastKnownFileType = text.json; path = "eight-movement.json"; sourceTree = "<group>"; };
		336529BC2B5F872500078CF0 /* EightMovementView.swift */ = {isa = PBXFileReference; lastKnownFileType = sourcecode.swift; path = EightMovementView.swift; sourceTree = "<group>"; };
		336529BE2B600B9100078CF0 /* EightLottieView.swift */ = {isa = PBXFileReference; lastKnownFileType = sourcecode.swift; path = EightLottieView.swift; sourceTree = "<group>"; };
		5296A13F2B5EAD7E00299A0A /* CustomTabPage.swift */ = {isa = PBXFileReference; lastKnownFileType = sourcecode.swift; path = CustomTabPage.swift; sourceTree = "<group>"; };
		5296A1452B5F3EBC00299A0A /* MapView.swift */ = {isa = PBXFileReference; lastKnownFileType = sourcecode.swift; path = MapView.swift; sourceTree = "<group>"; };
		5296A14E2B5F5FC500299A0A /* APIKEY.plist */ = {isa = PBXFileReference; fileEncoding = 4; lastKnownFileType = text.plist.xml; path = APIKEY.plist; sourceTree = "<group>"; };
		52DC8CD52B5EAA080022B017 /* GoogleService-Info.plist */ = {isa = PBXFileReference; fileEncoding = 4; lastKnownFileType = text.plist.xml; path = "GoogleService-Info.plist"; sourceTree = "<group>"; };
		52EE56C22B5E2AF200C6D423 /* RecordView.swift */ = {isa = PBXFileReference; lastKnownFileType = sourcecode.swift; path = RecordView.swift; sourceTree = "<group>"; };
		52EE56C42B5E2AFF00C6D423 /* EyeSenseView.swift */ = {isa = PBXFileReference; lastKnownFileType = sourcecode.swift; path = EyeSenseView.swift; sourceTree = "<group>"; };
		52EE56C62B5E2B0B00C6D423 /* VisionTestView.swift */ = {isa = PBXFileReference; lastKnownFileType = sourcecode.swift; path = VisionTestView.swift; sourceTree = "<group>"; };
		52EE56C92B5E2B2A00C6D423 /* MovementView.swift */ = {isa = PBXFileReference; lastKnownFileType = sourcecode.swift; path = MovementView.swift; sourceTree = "<group>"; };
		52EE56CE2B5E2C8100C6D423 /* FreeBoardView.swift */ = {isa = PBXFileReference; lastKnownFileType = sourcecode.swift; path = FreeBoardView.swift; sourceTree = "<group>"; };
		52EE56D02B5E2C8900C6D423 /* FAQView.swift */ = {isa = PBXFileReference; lastKnownFileType = sourcecode.swift; path = FAQView.swift; sourceTree = "<group>"; };
		52EE56D42B5E2D0300C6D423 /* EyeMapView.swift */ = {isa = PBXFileReference; lastKnownFileType = sourcecode.swift; path = EyeMapView.swift; sourceTree = "<group>"; };
		52EE56D62B5E2D0A00C6D423 /* ProfileView.swift */ = {isa = PBXFileReference; lastKnownFileType = sourcecode.swift; path = ProfileView.swift; sourceTree = "<group>"; };
		52EE56D92B5E2D4F00C6D423 /* AccountView.swift */ = {isa = PBXFileReference; lastKnownFileType = sourcecode.swift; path = AccountView.swift; sourceTree = "<group>"; };
		52EE56DB2B5E2E8F00C6D423 /* CustomBtn.swift */ = {isa = PBXFileReference; lastKnownFileType = sourcecode.swift; path = CustomBtn.swift; sourceTree = "<group>"; };
		52FB98902B5F861B00F6A284 /* Places.swift */ = {isa = PBXFileReference; lastKnownFileType = sourcecode.swift; path = Places.swift; sourceTree = "<group>"; };
		52FB98922B5FA4A800F6A284 /* Info.plist */ = {isa = PBXFileReference; lastKnownFileType = text.plist; path = Info.plist; sourceTree = "<group>"; };
		58FECEF218473FFCB6C5FEAA /* Pods_EYE_Mate.framework */ = {isa = PBXFileReference; explicitFileType = wrapper.framework; includeInIndex = 0; path = Pods_EYE_Mate.framework; sourceTree = BUILT_PRODUCTS_DIR; };
		71027A522B5DEAE000879DA7 /* EYE-Mate.app */ = {isa = PBXFileReference; explicitFileType = wrapper.application; includeInIndex = 0; path = "EYE-Mate.app"; sourceTree = BUILT_PRODUCTS_DIR; };
		71027A552B5DEAE000879DA7 /* EYE_MateApp.swift */ = {isa = PBXFileReference; lastKnownFileType = sourcecode.swift; path = EYE_MateApp.swift; sourceTree = "<group>"; };
		71027A572B5DEAE000879DA7 /* MainView.swift */ = {isa = PBXFileReference; lastKnownFileType = sourcecode.swift; path = MainView.swift; sourceTree = "<group>"; };
		71027A592B5DEAE200879DA7 /* Assets.xcassets */ = {isa = PBXFileReference; lastKnownFileType = folder.assetcatalog; path = Assets.xcassets; sourceTree = "<group>"; };
		71027A5C2B5DEAE200879DA7 /* Preview Assets.xcassets */ = {isa = PBXFileReference; lastKnownFileType = folder.assetcatalog; path = "Preview Assets.xcassets"; sourceTree = "<group>"; };
		713F4EF02B5E06FE00694F05 /* ColorLiterals.swift */ = {isa = PBXFileReference; lastKnownFileType = sourcecode.swift; path = ColorLiterals.swift; sourceTree = "<group>"; };
		713F4EF22B5E070700694F05 /* FontLiterals.swift */ = {isa = PBXFileReference; lastKnownFileType = sourcecode.swift; path = FontLiterals.swift; sourceTree = "<group>"; };
		713F4EFE2B5E082700694F05 /* Pretendard-Light.otf */ = {isa = PBXFileReference; lastKnownFileType = file; path = "Pretendard-Light.otf"; sourceTree = "<group>"; };
		713F4EFF2B5E082700694F05 /* Pretendard-SemiBold.otf */ = {isa = PBXFileReference; lastKnownFileType = file; path = "Pretendard-SemiBold.otf"; sourceTree = "<group>"; };
		713F4F002B5E082700694F05 /* Pretendard-ExtraLight.otf */ = {isa = PBXFileReference; lastKnownFileType = file; path = "Pretendard-ExtraLight.otf"; sourceTree = "<group>"; };
		713F4F012B5E082700694F05 /* Pretendard-Medium.otf */ = {isa = PBXFileReference; lastKnownFileType = file; path = "Pretendard-Medium.otf"; sourceTree = "<group>"; };
		713F4F022B5E082700694F05 /* Pretendard-Thin.otf */ = {isa = PBXFileReference; lastKnownFileType = file; path = "Pretendard-Thin.otf"; sourceTree = "<group>"; };
		713F4F032B5E082700694F05 /* Pretendard-Bold.otf */ = {isa = PBXFileReference; lastKnownFileType = file; path = "Pretendard-Bold.otf"; sourceTree = "<group>"; };
		713F4F042B5E082700694F05 /* Pretendard-Black.otf */ = {isa = PBXFileReference; lastKnownFileType = file; path = "Pretendard-Black.otf"; sourceTree = "<group>"; };
		713F4F052B5E082700694F05 /* Pretendard-Regular.otf */ = {isa = PBXFileReference; lastKnownFileType = file; path = "Pretendard-Regular.otf"; sourceTree = "<group>"; };
		713F4F062B5E082700694F05 /* Pretendard-ExtraBold.otf */ = {isa = PBXFileReference; lastKnownFileType = file; path = "Pretendard-ExtraBold.otf"; sourceTree = "<group>"; };
		71EC7F242B5E7FAE00C0149C /* EmptyModel.swift */ = {isa = PBXFileReference; lastKnownFileType = sourcecode.swift; path = EmptyModel.swift; sourceTree = "<group>"; };
		71EC7F272B5E81AB00C0149C /* Bundle+.swift */ = {isa = PBXFileReference; lastKnownFileType = sourcecode.swift; path = "Bundle+.swift"; sourceTree = "<group>"; };
		81015EAD6440554DEAA04A01 /* Pods-EYE-Mate.release.xcconfig */ = {isa = PBXFileReference; includeInIndex = 1; lastKnownFileType = text.xcconfig; name = "Pods-EYE-Mate.release.xcconfig"; path = "Target Support Files/Pods-EYE-Mate/Pods-EYE-Mate.release.xcconfig"; sourceTree = "<group>"; };
		C06FE206EA4454036182C7AD /* Pods-EYE-Mate.debug.xcconfig */ = {isa = PBXFileReference; includeInIndex = 1; lastKnownFileType = text.xcconfig; name = "Pods-EYE-Mate.debug.xcconfig"; path = "Target Support Files/Pods-EYE-Mate/Pods-EYE-Mate.debug.xcconfig"; sourceTree = "<group>"; };
/* End PBXFileReference section */

/* Begin PBXFrameworksBuildPhase section */
		71027A4F2B5DEAE000879DA7 /* Frameworks */ = {
			isa = PBXFrameworksBuildPhase;
			buildActionMask = 2147483647;
			files = (
				43A9BBC7C51E5E20BA9CF7D2 /* Pods_EYE_Mate.framework in Frameworks */,
			);
			runOnlyForDeploymentPostprocessing = 0;
		};
/* End PBXFrameworksBuildPhase section */

/* Begin PBXGroup section */
		29B84FEE92C30B4B0FB86133 /* Pods */ = {
			isa = PBXGroup;
			children = (
				C06FE206EA4454036182C7AD /* Pods-EYE-Mate.debug.xcconfig */,
				81015EAD6440554DEAA04A01 /* Pods-EYE-Mate.release.xcconfig */,
			);
			path = Pods;
			sourceTree = "<group>";
		};
		3329BBFE2B60FE380099EDC4 /* Lottie */ = {
			isa = PBXGroup;
			children = (
				3329BC012B6102370099EDC4 /* eight-movement.json */,
			);
			path = Lottie;
			sourceTree = "<group>";
		};
		52EE56BE2B5E29B100C6D423 /* Home */ = {
			isa = PBXGroup;
			children = (
				1DE030292B5E3AE600BAD518 /* HomeView.swift */,
				52EE56C12B5E2AA600C6D423 /* Record */,
				52EE56C02B5E2A7C00C6D423 /* EyeSense */,
				52EE56BF2B5E2A2500C6D423 /* VisionTest */,
			);
			path = Home;
			sourceTree = "<group>";
		};
		52EE56BF2B5E2A2500C6D423 /* VisionTest */ = {
			isa = PBXGroup;
			children = (
				52EE56C62B5E2B0B00C6D423 /* VisionTestView.swift */,
			);
			path = VisionTest;
			sourceTree = "<group>";
		};
		52EE56C02B5E2A7C00C6D423 /* EyeSense */ = {
			isa = PBXGroup;
			children = (
				52EE56C42B5E2AFF00C6D423 /* EyeSenseView.swift */,
			);
			path = EyeSense;
			sourceTree = "<group>";
		};
		52EE56C12B5E2AA600C6D423 /* Record */ = {
			isa = PBXGroup;
			children = (
				52EE56C22B5E2AF200C6D423 /* RecordView.swift */,
			);
			path = Record;
			sourceTree = "<group>";
		};
		52EE56C82B5E2B1500C6D423 /* Movement */ = {
			isa = PBXGroup;
			children = (
				52EE56C92B5E2B2A00C6D423 /* MovementView.swift */,
				336529BC2B5F872500078CF0 /* EightMovementView.swift */,
				336529BE2B600B9100078CF0 /* EightLottieView.swift */,
			);
			path = Movement;
			sourceTree = "<group>";
		};
		52EE56CB2B5E2B3200C6D423 /* Community */ = {
			isa = PBXGroup;
			children = (
				1DE0302B2B5E3AF300BAD518 /* CommunityView.swift */,
				52EE56CD2B5E2B6100C6D423 /* FreeBoard */,
				52EE56CC2B5E2B5300C6D423 /* FAQ */,
			);
			path = Community;
			sourceTree = "<group>";
		};
		52EE56CC2B5E2B5300C6D423 /* FAQ */ = {
			isa = PBXGroup;
			children = (
				52EE56D02B5E2C8900C6D423 /* FAQView.swift */,
			);
			path = FAQ;
			sourceTree = "<group>";
		};
		52EE56CD2B5E2B6100C6D423 /* FreeBoard */ = {
			isa = PBXGroup;
			children = (
				52EE56CE2B5E2C8100C6D423 /* FreeBoardView.swift */,
			);
			path = FreeBoard;
			sourceTree = "<group>";
		};
		52EE56D22B5E2CA800C6D423 /* EyeMap */ = {
			isa = PBXGroup;
			children = (
				52EE56D42B5E2D0300C6D423 /* EyeMapView.swift */,
				5296A1452B5F3EBC00299A0A /* MapView.swift */,
			);
			path = EyeMap;
			sourceTree = "<group>";
		};
		52EE56D32B5E2CF400C6D423 /* Profile */ = {
			isa = PBXGroup;
			children = (
				52EE56D62B5E2D0A00C6D423 /* ProfileView.swift */,
				52EE56D92B5E2D4F00C6D423 /* AccountView.swift */,
			);
			path = Profile;
			sourceTree = "<group>";
		};
		52EE56DD2B5E2EA700C6D423 /* Styles */ = {
			isa = PBXGroup;
			children = (
				52EE56DB2B5E2E8F00C6D423 /* CustomBtn.swift */,
				5296A13F2B5EAD7E00299A0A /* CustomTabPage.swift */,
			);
			path = Styles;
			sourceTree = "<group>";
		};
		71027A492B5DEAE000879DA7 = {
			isa = PBXGroup;
			children = (
				71027A542B5DEAE000879DA7 /* EYE-Mate */,
				52DC8CD52B5EAA080022B017 /* GoogleService-Info.plist */,
				5296A14E2B5F5FC500299A0A /* APIKEY.plist */,
				71027A532B5DEAE000879DA7 /* Products */,
				29B84FEE92C30B4B0FB86133 /* Pods */,
				DDE618B35681A265D0724720 /* Frameworks */,
			);
			sourceTree = "<group>";
		};
		71027A532B5DEAE000879DA7 /* Products */ = {
			isa = PBXGroup;
			children = (
				71027A522B5DEAE000879DA7 /* EYE-Mate.app */,
			);
			name = Products;
			sourceTree = "<group>";
		};
		71027A542B5DEAE000879DA7 /* EYE-Mate */ = {
			isa = PBXGroup;
			children = (
				52FB98922B5FA4A800F6A284 /* Info.plist */,
				71EC7F262B5E819400C0149C /* Extensions */,
				71EC7F232B5E7F9900C0149C /* Models */,
				71EC7F222B5E7EA600C0149C /* Core */,
				71EC7F212B5E7E3700C0149C /* Views */,
				713F4EF42B5E075F00694F05 /* Resources */,
				71027A592B5DEAE200879DA7 /* Assets.xcassets */,
				713F4EEF2B5E06EE00694F05 /* Literal */,
				71027A5B2B5DEAE200879DA7 /* Preview Content */,
			);
			path = "EYE-Mate";
			sourceTree = "<group>";
		};
		71027A5B2B5DEAE200879DA7 /* Preview Content */ = {
			isa = PBXGroup;
			children = (
				71027A5C2B5DEAE200879DA7 /* Preview Assets.xcassets */,
			);
			path = "Preview Content";
			sourceTree = "<group>";
		};
		713F4EEF2B5E06EE00694F05 /* Literal */ = {
			isa = PBXGroup;
			children = (
				713F4EF02B5E06FE00694F05 /* ColorLiterals.swift */,
				713F4EF22B5E070700694F05 /* FontLiterals.swift */,
			);
			path = Literal;
			sourceTree = "<group>";
		};
		713F4EF42B5E075F00694F05 /* Resources */ = {
			isa = PBXGroup;
			children = (
				3329BBFE2B60FE380099EDC4 /* Lottie */,
				713F4EF52B5E077500694F05 /* Fonts */,
			);
			path = Resources;
			sourceTree = "<group>";
		};
		713F4EF52B5E077500694F05 /* Fonts */ = {
			isa = PBXGroup;
			children = (
				713F4F042B5E082700694F05 /* Pretendard-Black.otf */,
				713F4F032B5E082700694F05 /* Pretendard-Bold.otf */,
				713F4F062B5E082700694F05 /* Pretendard-ExtraBold.otf */,
				713F4F002B5E082700694F05 /* Pretendard-ExtraLight.otf */,
				713F4EFE2B5E082700694F05 /* Pretendard-Light.otf */,
				713F4F012B5E082700694F05 /* Pretendard-Medium.otf */,
				713F4F052B5E082700694F05 /* Pretendard-Regular.otf */,
				713F4EFF2B5E082700694F05 /* Pretendard-SemiBold.otf */,
				713F4F022B5E082700694F05 /* Pretendard-Thin.otf */,
			);
			path = Fonts;
			sourceTree = "<group>";
		};
		71EC7F212B5E7E3700C0149C /* Views */ = {
			isa = PBXGroup;
			children = (
				71027A572B5DEAE000879DA7 /* MainView.swift */,
				52EE56DD2B5E2EA700C6D423 /* Styles */,
				52EE56CB2B5E2B3200C6D423 /* Community */,
				52EE56D22B5E2CA800C6D423 /* EyeMap */,
				52EE56D32B5E2CF400C6D423 /* Profile */,
				52EE56C82B5E2B1500C6D423 /* Movement */,
				52EE56BE2B5E29B100C6D423 /* Home */,
			);
			path = Views;
			sourceTree = "<group>";
		};
		71EC7F222B5E7EA600C0149C /* Core */ = {
			isa = PBXGroup;
			children = (
				71027A552B5DEAE000879DA7 /* EYE_MateApp.swift */,
			);
			path = Core;
			sourceTree = "<group>";
		};
		71EC7F232B5E7F9900C0149C /* Models */ = {
			isa = PBXGroup;
			children = (
				71EC7F242B5E7FAE00C0149C /* EmptyModel.swift */,
				52FB98902B5F861B00F6A284 /* Places.swift */,
			);
			path = Models;
			sourceTree = "<group>";
		};
		71EC7F262B5E819400C0149C /* Extensions */ = {
			isa = PBXGroup;
			children = (
				71EC7F272B5E81AB00C0149C /* Bundle+.swift */,
			);
			path = Extensions;
			sourceTree = "<group>";
		};
		DDE618B35681A265D0724720 /* Frameworks */ = {
			isa = PBXGroup;
			children = (
				58FECEF218473FFCB6C5FEAA /* Pods_EYE_Mate.framework */,
			);
			name = Frameworks;
			sourceTree = "<group>";
		};
/* End PBXGroup section */

/* Begin PBXNativeTarget section */
		71027A512B5DEAE000879DA7 /* EYE-Mate */ = {
			isa = PBXNativeTarget;
			buildConfigurationList = 71027A602B5DEAE200879DA7 /* Build configuration list for PBXNativeTarget "EYE-Mate" */;
			buildPhases = (
				A7C17653EE9AD17E39DEC474 /* [CP] Check Pods Manifest.lock */,
				71027A4E2B5DEAE000879DA7 /* Sources */,
				71027A4F2B5DEAE000879DA7 /* Frameworks */,
				71027A502B5DEAE000879DA7 /* Resources */,
				C641E988634C9C77C2C9DD62 /* [CP] Embed Pods Frameworks */,
			);
			buildRules = (
			);
			dependencies = (
			);
			name = "EYE-Mate";
			productName = "EYE-Mate";
			productReference = 71027A522B5DEAE000879DA7 /* EYE-Mate.app */;
			productType = "com.apple.product-type.application";
		};
/* End PBXNativeTarget section */

/* Begin PBXProject section */
		71027A4A2B5DEAE000879DA7 /* Project object */ = {
			isa = PBXProject;
			attributes = {
				BuildIndependentTargetsInParallel = 1;
				LastSwiftUpdateCheck = 1520;
				LastUpgradeCheck = 1520;
				TargetAttributes = {
					71027A512B5DEAE000879DA7 = {
						CreatedOnToolsVersion = 15.2;
					};
				};
			};
			buildConfigurationList = 71027A4D2B5DEAE000879DA7 /* Build configuration list for PBXProject "EYE-Mate" */;
			compatibilityVersion = "Xcode 14.0";
			developmentRegion = en;
			hasScannedForEncodings = 0;
			knownRegions = (
				en,
				Base,
			);
			mainGroup = 71027A492B5DEAE000879DA7;
			productRefGroup = 71027A532B5DEAE000879DA7 /* Products */;
			projectDirPath = "";
			projectRoot = "";
			targets = (
				71027A512B5DEAE000879DA7 /* EYE-Mate */,
			);
		};
/* End PBXProject section */

/* Begin PBXResourcesBuildPhase section */
		71027A502B5DEAE000879DA7 /* Resources */ = {
			isa = PBXResourcesBuildPhase;
			buildActionMask = 2147483647;
			files = (
				71027A5D2B5DEAE200879DA7 /* Preview Assets.xcassets in Resources */,
				713F4F0C2B5E082700694F05 /* Pretendard-Bold.otf in Resources */,
				3329BC022B6102370099EDC4 /* eight-movement.json in Resources */,
				71027A5A2B5DEAE200879DA7 /* Assets.xcassets in Resources */,
				713F4F0B2B5E082700694F05 /* Pretendard-Thin.otf in Resources */,
				713F4F0D2B5E082700694F05 /* Pretendard-Black.otf in Resources */,
				5296A14F2B5F5FC500299A0A /* APIKEY.plist in Resources */,
				52DC8CD72B5EAA080022B017 /* GoogleService-Info.plist in Resources */,
				713F4F092B5E082700694F05 /* Pretendard-ExtraLight.otf in Resources */,
				713F4F0F2B5E082700694F05 /* Pretendard-ExtraBold.otf in Resources */,
				713F4F072B5E082700694F05 /* Pretendard-Light.otf in Resources */,
				713F4F0E2B5E082700694F05 /* Pretendard-Regular.otf in Resources */,
				713F4F082B5E082700694F05 /* Pretendard-SemiBold.otf in Resources */,
				713F4F0A2B5E082700694F05 /* Pretendard-Medium.otf in Resources */,
			);
			runOnlyForDeploymentPostprocessing = 0;
		};
/* End PBXResourcesBuildPhase section */

/* Begin PBXShellScriptBuildPhase section */
		A7C17653EE9AD17E39DEC474 /* [CP] Check Pods Manifest.lock */ = {
			isa = PBXShellScriptBuildPhase;
			buildActionMask = 2147483647;
			files = (
			);
			inputFileListPaths = (
			);
			inputPaths = (
				"${PODS_PODFILE_DIR_PATH}/Podfile.lock",
				"${PODS_ROOT}/Manifest.lock",
			);
			name = "[CP] Check Pods Manifest.lock";
			outputFileListPaths = (
			);
			outputPaths = (
				"$(DERIVED_FILE_DIR)/Pods-EYE-Mate-checkManifestLockResult.txt",
			);
			runOnlyForDeploymentPostprocessing = 0;
			shellPath = /bin/sh;
			shellScript = "diff \"${PODS_PODFILE_DIR_PATH}/Podfile.lock\" \"${PODS_ROOT}/Manifest.lock\" > /dev/null\nif [ $? != 0 ] ; then\n    # print error to STDERR\n    echo \"error: The sandbox is not in sync with the Podfile.lock. Run 'pod install' or update your CocoaPods installation.\" >&2\n    exit 1\nfi\n# This output is used by Xcode 'outputs' to avoid re-running this script phase.\necho \"SUCCESS\" > \"${SCRIPT_OUTPUT_FILE_0}\"\n";
			showEnvVarsInLog = 0;
		};
		C641E988634C9C77C2C9DD62 /* [CP] Embed Pods Frameworks */ = {
			isa = PBXShellScriptBuildPhase;
			buildActionMask = 2147483647;
			files = (
			);
			inputFileListPaths = (
				"${PODS_ROOT}/Target Support Files/Pods-EYE-Mate/Pods-EYE-Mate-frameworks-${CONFIGURATION}-input-files.xcfilelist",
			);
			name = "[CP] Embed Pods Frameworks";
			outputFileListPaths = (
				"${PODS_ROOT}/Target Support Files/Pods-EYE-Mate/Pods-EYE-Mate-frameworks-${CONFIGURATION}-output-files.xcfilelist",
			);
			runOnlyForDeploymentPostprocessing = 0;
			shellPath = /bin/sh;
			shellScript = "\"${PODS_ROOT}/Target Support Files/Pods-EYE-Mate/Pods-EYE-Mate-frameworks.sh\"\n";
			showEnvVarsInLog = 0;
		};
/* End PBXShellScriptBuildPhase section */

/* Begin PBXSourcesBuildPhase section */
		71027A4E2B5DEAE000879DA7 /* Sources */ = {
			isa = PBXSourcesBuildPhase;
			buildActionMask = 2147483647;
			files = (
				336529BF2B600B9100078CF0 /* EightLottieView.swift in Sources */,
				52EE56CF2B5E2C8100C6D423 /* FreeBoardView.swift in Sources */,
				71EC7F282B5E81AB00C0149C /* Bundle+.swift in Sources */,
				52EE56DA2B5E2D4F00C6D423 /* AccountView.swift in Sources */,
				52EE56D72B5E2D0A00C6D423 /* ProfileView.swift in Sources */,
				713F4EF32B5E070700694F05 /* FontLiterals.swift in Sources */,
				71027A582B5DEAE000879DA7 /* MainView.swift in Sources */,
				52EE56D52B5E2D0300C6D423 /* EyeMapView.swift in Sources */,
				5296A1462B5F3EBC00299A0A /* MapView.swift in Sources */,
				52EE56C52B5E2AFF00C6D423 /* EyeSenseView.swift in Sources */,
				5296A1402B5EAD7E00299A0A /* CustomTabPage.swift in Sources */,
				1DE0302A2B5E3AE600BAD518 /* HomeView.swift in Sources */,
				52EE56C32B5E2AF200C6D423 /* RecordView.swift in Sources */,
				52EE56CA2B5E2B2A00C6D423 /* MovementView.swift in Sources */,
				71EC7F252B5E7FAE00C0149C /* EmptyModel.swift in Sources */,
				71027A562B5DEAE000879DA7 /* EYE_MateApp.swift in Sources */,
				713F4EF12B5E06FE00694F05 /* ColorLiterals.swift in Sources */,
				52EE56D12B5E2C8900C6D423 /* FAQView.swift in Sources */,
				52FB98912B5F861B00F6A284 /* Places.swift in Sources */,
				52EE56C72B5E2B0B00C6D423 /* VisionTestView.swift in Sources */,
				336529BD2B5F872500078CF0 /* EightMovementView.swift in Sources */,
				52EE56DC2B5E2E8F00C6D423 /* CustomBtn.swift in Sources */,
				1DE0302C2B5E3AF300BAD518 /* CommunityView.swift in Sources */,
			);
			runOnlyForDeploymentPostprocessing = 0;
		};
/* End PBXSourcesBuildPhase section */

/* Begin XCBuildConfiguration section */
		71027A5E2B5DEAE200879DA7 /* Debug */ = {
			isa = XCBuildConfiguration;
			buildSettings = {
				ALWAYS_SEARCH_USER_PATHS = NO;
				ASSETCATALOG_COMPILER_GENERATE_SWIFT_ASSET_SYMBOL_EXTENSIONS = YES;
				CLANG_ANALYZER_NONNULL = YES;
				CLANG_ANALYZER_NUMBER_OBJECT_CONVERSION = YES_AGGRESSIVE;
				CLANG_CXX_LANGUAGE_STANDARD = "gnu++20";
				CLANG_ENABLE_MODULES = YES;
				CLANG_ENABLE_OBJC_ARC = YES;
				CLANG_ENABLE_OBJC_WEAK = YES;
				CLANG_WARN_BLOCK_CAPTURE_AUTORELEASING = YES;
				CLANG_WARN_BOOL_CONVERSION = YES;
				CLANG_WARN_COMMA = YES;
				CLANG_WARN_CONSTANT_CONVERSION = YES;
				CLANG_WARN_DEPRECATED_OBJC_IMPLEMENTATIONS = YES;
				CLANG_WARN_DIRECT_OBJC_ISA_USAGE = YES_ERROR;
				CLANG_WARN_DOCUMENTATION_COMMENTS = YES;
				CLANG_WARN_EMPTY_BODY = YES;
				CLANG_WARN_ENUM_CONVERSION = YES;
				CLANG_WARN_INFINITE_RECURSION = YES;
				CLANG_WARN_INT_CONVERSION = YES;
				CLANG_WARN_NON_LITERAL_NULL_CONVERSION = YES;
				CLANG_WARN_OBJC_IMPLICIT_RETAIN_SELF = YES;
				CLANG_WARN_OBJC_LITERAL_CONVERSION = YES;
				CLANG_WARN_OBJC_ROOT_CLASS = YES_ERROR;
				CLANG_WARN_QUOTED_INCLUDE_IN_FRAMEWORK_HEADER = YES;
				CLANG_WARN_RANGE_LOOP_ANALYSIS = YES;
				CLANG_WARN_STRICT_PROTOTYPES = YES;
				CLANG_WARN_SUSPICIOUS_MOVE = YES;
				CLANG_WARN_UNGUARDED_AVAILABILITY = YES_AGGRESSIVE;
				CLANG_WARN_UNREACHABLE_CODE = YES;
				CLANG_WARN__DUPLICATE_METHOD_MATCH = YES;
				COPY_PHASE_STRIP = NO;
				DEBUG_INFORMATION_FORMAT = dwarf;
				ENABLE_STRICT_OBJC_MSGSEND = YES;
				ENABLE_TESTABILITY = YES;
				ENABLE_USER_SCRIPT_SANDBOXING = NO;
				GCC_C_LANGUAGE_STANDARD = gnu17;
				GCC_DYNAMIC_NO_PIC = NO;
				GCC_NO_COMMON_BLOCKS = YES;
				GCC_OPTIMIZATION_LEVEL = 0;
				GCC_PREPROCESSOR_DEFINITIONS = (
					"DEBUG=1",
					"$(inherited)",
				);
				GCC_WARN_64_TO_32_BIT_CONVERSION = YES;
				GCC_WARN_ABOUT_RETURN_TYPE = YES_ERROR;
				GCC_WARN_UNDECLARED_SELECTOR = YES;
				GCC_WARN_UNINITIALIZED_AUTOS = YES_AGGRESSIVE;
				GCC_WARN_UNUSED_FUNCTION = YES;
				GCC_WARN_UNUSED_VARIABLE = YES;
				IPHONEOS_DEPLOYMENT_TARGET = 17.2;
				LOCALIZATION_PREFERS_STRING_CATALOGS = YES;
				MTL_ENABLE_DEBUG_INFO = INCLUDE_SOURCE;
				MTL_FAST_MATH = YES;
				ONLY_ACTIVE_ARCH = YES;
				"OTHER_LDFLAGS[arch=*]" = (
					"-Xlinker",
					"-no_warn_duplicate_libraries",
				);
				SDKROOT = iphoneos;
				SWIFT_ACTIVE_COMPILATION_CONDITIONS = "DEBUG $(inherited)";
				SWIFT_OPTIMIZATION_LEVEL = "-Onone";
			};
			name = Debug;
		};
		71027A5F2B5DEAE200879DA7 /* Release */ = {
			isa = XCBuildConfiguration;
			buildSettings = {
				ALWAYS_SEARCH_USER_PATHS = NO;
				ASSETCATALOG_COMPILER_GENERATE_SWIFT_ASSET_SYMBOL_EXTENSIONS = YES;
				CLANG_ANALYZER_NONNULL = YES;
				CLANG_ANALYZER_NUMBER_OBJECT_CONVERSION = YES_AGGRESSIVE;
				CLANG_CXX_LANGUAGE_STANDARD = "gnu++20";
				CLANG_ENABLE_MODULES = YES;
				CLANG_ENABLE_OBJC_ARC = YES;
				CLANG_ENABLE_OBJC_WEAK = YES;
				CLANG_WARN_BLOCK_CAPTURE_AUTORELEASING = YES;
				CLANG_WARN_BOOL_CONVERSION = YES;
				CLANG_WARN_COMMA = YES;
				CLANG_WARN_CONSTANT_CONVERSION = YES;
				CLANG_WARN_DEPRECATED_OBJC_IMPLEMENTATIONS = YES;
				CLANG_WARN_DIRECT_OBJC_ISA_USAGE = YES_ERROR;
				CLANG_WARN_DOCUMENTATION_COMMENTS = YES;
				CLANG_WARN_EMPTY_BODY = YES;
				CLANG_WARN_ENUM_CONVERSION = YES;
				CLANG_WARN_INFINITE_RECURSION = YES;
				CLANG_WARN_INT_CONVERSION = YES;
				CLANG_WARN_NON_LITERAL_NULL_CONVERSION = YES;
				CLANG_WARN_OBJC_IMPLICIT_RETAIN_SELF = YES;
				CLANG_WARN_OBJC_LITERAL_CONVERSION = YES;
				CLANG_WARN_OBJC_ROOT_CLASS = YES_ERROR;
				CLANG_WARN_QUOTED_INCLUDE_IN_FRAMEWORK_HEADER = YES;
				CLANG_WARN_RANGE_LOOP_ANALYSIS = YES;
				CLANG_WARN_STRICT_PROTOTYPES = YES;
				CLANG_WARN_SUSPICIOUS_MOVE = YES;
				CLANG_WARN_UNGUARDED_AVAILABILITY = YES_AGGRESSIVE;
				CLANG_WARN_UNREACHABLE_CODE = YES;
				CLANG_WARN__DUPLICATE_METHOD_MATCH = YES;
				COPY_PHASE_STRIP = NO;
				DEBUG_INFORMATION_FORMAT = "dwarf-with-dsym";
				ENABLE_NS_ASSERTIONS = NO;
				ENABLE_STRICT_OBJC_MSGSEND = YES;
				ENABLE_USER_SCRIPT_SANDBOXING = NO;
				GCC_C_LANGUAGE_STANDARD = gnu17;
				GCC_NO_COMMON_BLOCKS = YES;
				GCC_WARN_64_TO_32_BIT_CONVERSION = YES;
				GCC_WARN_ABOUT_RETURN_TYPE = YES_ERROR;
				GCC_WARN_UNDECLARED_SELECTOR = YES;
				GCC_WARN_UNINITIALIZED_AUTOS = YES_AGGRESSIVE;
				GCC_WARN_UNUSED_FUNCTION = YES;
				GCC_WARN_UNUSED_VARIABLE = YES;
				IPHONEOS_DEPLOYMENT_TARGET = 17.2;
				LOCALIZATION_PREFERS_STRING_CATALOGS = YES;
				MTL_ENABLE_DEBUG_INFO = NO;
				MTL_FAST_MATH = YES;
				SDKROOT = iphoneos;
				SWIFT_COMPILATION_MODE = wholemodule;
				VALIDATE_PRODUCT = YES;
			};
			name = Release;
		};
		71027A612B5DEAE200879DA7 /* Debug */ = {
			isa = XCBuildConfiguration;
			baseConfigurationReference = C06FE206EA4454036182C7AD /* Pods-EYE-Mate.debug.xcconfig */;
			buildSettings = {
				ASSETCATALOG_COMPILER_APPICON_NAME = AppIcon;
				ASSETCATALOG_COMPILER_GLOBAL_ACCENT_COLOR_NAME = AccentColor;
				CODE_SIGN_STYLE = Automatic;
				CURRENT_PROJECT_VERSION = 1;
				DEVELOPMENT_ASSET_PATHS = "\"EYE-Mate/Preview Content\"";
				DEVELOPMENT_TEAM = 8383VR3NFP;
				ENABLE_PREVIEWS = YES;
				ENABLE_USER_SCRIPT_SANDBOXING = NO;
				GENERATE_INFOPLIST_FILE = YES;
				INFOPLIST_FILE = "EYE-Mate/Info.plist";
				INFOPLIST_KEY_NSLocationAlwaysAndWhenInUseUsageDescription = "위치 정보 확인을 위해 권한 허용이 필요합니다.";
				INFOPLIST_KEY_NSLocationWhenInUseUsageDescription = "위치 정보 확인을 위해 권한 허용이 필요합니다.";
				INFOPLIST_KEY_UIApplicationSceneManifest_Generation = YES;
				INFOPLIST_KEY_UIApplicationSupportsIndirectInputEvents = YES;
				INFOPLIST_KEY_UILaunchScreen_Generation = YES;
				INFOPLIST_KEY_UISupportedInterfaceOrientations_iPad = "UIInterfaceOrientationPortrait UIInterfaceOrientationPortraitUpsideDown UIInterfaceOrientationLandscapeLeft UIInterfaceOrientationLandscapeRight";
				INFOPLIST_KEY_UISupportedInterfaceOrientations_iPhone = "UIInterfaceOrientationPortrait UIInterfaceOrientationLandscapeLeft UIInterfaceOrientationLandscapeRight";
				LD_RUNPATH_SEARCH_PATHS = (
					"$(inherited)",
					"@executable_path/Frameworks",
				);
				MARKETING_VERSION = 1.0;
				OTHER_LDFLAGS = (
					"$(inherited)",
					"-l\"c++\"",
					"-l\"z\"",
					"-framework",
					"\"Accelerate\"",
					"-framework",
					"\"CFNetwork\"",
					"-framework",
					"\"FBLPromises\"",
					"-framework",
					"\"FirebaseAppCheckInterop\"",
					"-framework",
					"\"FirebaseAuth\"",
					"-framework",
					"\"FirebaseAuthInterop\"",
					"-framework",
					"\"FirebaseCore\"",
					"-framework",
					"\"FirebaseCoreExtension\"",
					"-framework",
					"\"FirebaseCoreInternal\"",
					"-framework",
					"\"FirebaseFirestore\"",
					"-framework",
					"\"FirebaseFirestoreInternal\"",
					"-framework",
					"\"FirebaseSharedSwift\"",
					"-framework",
					"\"FirebaseStorage\"",
					"-framework",
					"\"Foundation\"",
					"-framework",
					"\"GTMSessionFetcher\"",
					"-framework",
					"\"GoogleUtilities\"",
					"-framework",
					"\"Kingfisher\"",
					"-framework",
					"\"NMapsGeometry\"",
					"-framework",
					"\"NMapsMap\"",
					"-framework",
					"\"RecaptchaInterop\"",
					"-framework",
					"\"SafariServices\"",
					"-framework",
					"\"Security\"",
					"-framework",
					"\"SystemConfiguration\"",
					"-framework",
					"\"UIKit\"",
					"-framework",
					"\"absl\"",
					"-framework",
					"\"grpc\"",
					"-framework",
					"\"grpcpp\"",
					"-framework",
					"\"leveldb\"",
					"-framework",
					"\"nanopb\"",
					"-framework",
					"\"openssl_grpc\"",
					"-weak_framework",
					"\"Combine\"",
					"-weak_framework",
					"\"FirebaseFirestoreInternal\"",
					"-weak_framework",
					"\"SwiftUI\"",
				);
				PRODUCT_BUNDLE_IDENTIFIER = "Seonghyeon.EYE-Mate";
				PRODUCT_NAME = "$(TARGET_NAME)";
				SWIFT_EMIT_LOC_STRINGS = YES;
				SWIFT_VERSION = 5.0;
				TARGETED_DEVICE_FAMILY = "1,2";
			};
			name = Debug;
		};
		71027A622B5DEAE200879DA7 /* Release */ = {
			isa = XCBuildConfiguration;
			baseConfigurationReference = 81015EAD6440554DEAA04A01 /* Pods-EYE-Mate.release.xcconfig */;
			buildSettings = {
				ASSETCATALOG_COMPILER_APPICON_NAME = AppIcon;
				ASSETCATALOG_COMPILER_GLOBAL_ACCENT_COLOR_NAME = AccentColor;
				CODE_SIGN_STYLE = Automatic;
				CURRENT_PROJECT_VERSION = 1;
				DEVELOPMENT_ASSET_PATHS = "\"EYE-Mate/Preview Content\"";
				DEVELOPMENT_TEAM = 8383VR3NFP;
				ENABLE_PREVIEWS = YES;
				ENABLE_USER_SCRIPT_SANDBOXING = NO;
				GENERATE_INFOPLIST_FILE = YES;
				INFOPLIST_FILE = "EYE-Mate/Info.plist";
				INFOPLIST_KEY_NSLocationAlwaysAndWhenInUseUsageDescription = "위치 정보 확인을 위해 권한 허용이 필요합니다.";
				INFOPLIST_KEY_NSLocationWhenInUseUsageDescription = "위치 정보 확인을 위해 권한 허용이 필요합니다.";
				INFOPLIST_KEY_UIApplicationSceneManifest_Generation = YES;
				INFOPLIST_KEY_UIApplicationSupportsIndirectInputEvents = YES;
				INFOPLIST_KEY_UILaunchScreen_Generation = YES;
				INFOPLIST_KEY_UISupportedInterfaceOrientations_iPad = "UIInterfaceOrientationPortrait UIInterfaceOrientationPortraitUpsideDown UIInterfaceOrientationLandscapeLeft UIInterfaceOrientationLandscapeRight";
				INFOPLIST_KEY_UISupportedInterfaceOrientations_iPhone = "UIInterfaceOrientationPortrait UIInterfaceOrientationLandscapeLeft UIInterfaceOrientationLandscapeRight";
				LD_RUNPATH_SEARCH_PATHS = (
					"$(inherited)",
					"@executable_path/Frameworks",
				);
				MARKETING_VERSION = 1.0;
				OTHER_LDFLAGS = (
					"$(inherited)",
					"-l\"c++\"",
					"-l\"z\"",
					"-framework",
					"\"Accelerate\"",
					"-framework",
					"\"CFNetwork\"",
					"-framework",
					"\"FBLPromises\"",
					"-framework",
					"\"FirebaseAppCheckInterop\"",
					"-framework",
					"\"FirebaseAuth\"",
					"-framework",
					"\"FirebaseAuthInterop\"",
					"-framework",
					"\"FirebaseCore\"",
					"-framework",
					"\"FirebaseCoreExtension\"",
					"-framework",
					"\"FirebaseCoreInternal\"",
					"-framework",
					"\"FirebaseFirestore\"",
					"-framework",
					"\"FirebaseFirestoreInternal\"",
					"-framework",
					"\"FirebaseSharedSwift\"",
					"-framework",
					"\"FirebaseStorage\"",
					"-framework",
					"\"Foundation\"",
					"-framework",
					"\"GTMSessionFetcher\"",
					"-framework",
					"\"GoogleUtilities\"",
					"-framework",
					"\"Kingfisher\"",
					"-framework",
					"\"NMapsGeometry\"",
					"-framework",
					"\"NMapsMap\"",
					"-framework",
					"\"RecaptchaInterop\"",
					"-framework",
					"\"SafariServices\"",
					"-framework",
					"\"Security\"",
					"-framework",
					"\"SystemConfiguration\"",
					"-framework",
					"\"UIKit\"",
					"-framework",
					"\"absl\"",
					"-framework",
					"\"grpc\"",
					"-framework",
					"\"grpcpp\"",
					"-framework",
					"\"leveldb\"",
					"-framework",
					"\"nanopb\"",
					"-framework",
					"\"openssl_grpc\"",
					"-weak_framework",
					"\"Combine\"",
					"-weak_framework",
					"\"FirebaseFirestoreInternal\"",
					"-weak_framework",
					"\"SwiftUI\"",
				);
				PRODUCT_BUNDLE_IDENTIFIER = "Seonghyeon.EYE-Mate";
				PRODUCT_NAME = "$(TARGET_NAME)";
				SWIFT_EMIT_LOC_STRINGS = YES;
				SWIFT_VERSION = 5.0;
				TARGETED_DEVICE_FAMILY = "1,2";
			};
			name = Release;
		};
/* End XCBuildConfiguration section */

/* Begin XCConfigurationList section */
		71027A4D2B5DEAE000879DA7 /* Build configuration list for PBXProject "EYE-Mate" */ = {
			isa = XCConfigurationList;
			buildConfigurations = (
				71027A5E2B5DEAE200879DA7 /* Debug */,
				71027A5F2B5DEAE200879DA7 /* Release */,
			);
			defaultConfigurationIsVisible = 0;
			defaultConfigurationName = Release;
		};
		71027A602B5DEAE200879DA7 /* Build configuration list for PBXNativeTarget "EYE-Mate" */ = {
			isa = XCConfigurationList;
			buildConfigurations = (
				71027A612B5DEAE200879DA7 /* Debug */,
				71027A622B5DEAE200879DA7 /* Release */,
			);
			defaultConfigurationIsVisible = 0;
			defaultConfigurationName = Release;
		};
/* End XCConfigurationList section */
	};
	rootObject = 71027A4A2B5DEAE000879DA7 /* Project object */;
}
