// !$*UTF8*$!
{
	archiveVersion = 1;
	classes = {
	};
	objectVersion = 56;
	objects = {

/* Begin PBXBuildFile section */
		52EE56C32B5E2AF200C6D423 /* Record.swift in Sources */ = {isa = PBXBuildFile; fileRef = 52EE56C22B5E2AF200C6D423 /* Record.swift */; };
		52EE56C52B5E2AFF00C6D423 /* EyeSense.swift in Sources */ = {isa = PBXBuildFile; fileRef = 52EE56C42B5E2AFF00C6D423 /* EyeSense.swift */; };
		52EE56C72B5E2B0B00C6D423 /* VisionTest.swift in Sources */ = {isa = PBXBuildFile; fileRef = 52EE56C62B5E2B0B00C6D423 /* VisionTest.swift */; };
		52EE56CA2B5E2B2A00C6D423 /* Movement.swift in Sources */ = {isa = PBXBuildFile; fileRef = 52EE56C92B5E2B2A00C6D423 /* Movement.swift */; };
		52EE56CF2B5E2C8100C6D423 /* FreeBoard.swift in Sources */ = {isa = PBXBuildFile; fileRef = 52EE56CE2B5E2C8100C6D423 /* FreeBoard.swift */; };
		52EE56D12B5E2C8900C6D423 /* FAQ.swift in Sources */ = {isa = PBXBuildFile; fileRef = 52EE56D02B5E2C8900C6D423 /* FAQ.swift */; };
		52EE56D52B5E2D0300C6D423 /* EyeMap.swift in Sources */ = {isa = PBXBuildFile; fileRef = 52EE56D42B5E2D0300C6D423 /* EyeMap.swift */; };
		52EE56D72B5E2D0A00C6D423 /* Profile.swift in Sources */ = {isa = PBXBuildFile; fileRef = 52EE56D62B5E2D0A00C6D423 /* Profile.swift */; };
		52EE56DA2B5E2D4F00C6D423 /* Account.swift in Sources */ = {isa = PBXBuildFile; fileRef = 52EE56D92B5E2D4F00C6D423 /* Account.swift */; };
		71027A562B5DEAE000879DA7 /* EYE_MateApp.swift in Sources */ = {isa = PBXBuildFile; fileRef = 71027A552B5DEAE000879DA7 /* EYE_MateApp.swift */; };
		71027A582B5DEAE000879DA7 /* ContentView.swift in Sources */ = {isa = PBXBuildFile; fileRef = 71027A572B5DEAE000879DA7 /* ContentView.swift */; };
		71027A5A2B5DEAE200879DA7 /* Assets.xcassets in Resources */ = {isa = PBXBuildFile; fileRef = 71027A592B5DEAE200879DA7 /* Assets.xcassets */; };
		71027A5D2B5DEAE200879DA7 /* Preview Assets.xcassets in Resources */ = {isa = PBXBuildFile; fileRef = 71027A5C2B5DEAE200879DA7 /* Preview Assets.xcassets */; };
		713F4EF12B5E06FE00694F05 /* ColorLiterals.swift in Sources */ = {isa = PBXBuildFile; fileRef = 713F4EF02B5E06FE00694F05 /* ColorLiterals.swift */; };
		713F4EF32B5E070700694F05 /* FontLiterals.swift in Sources */ = {isa = PBXBuildFile; fileRef = 713F4EF22B5E070700694F05 /* FontLiterals.swift */; };
		713F4F072B5E082700694F05 /* Pretendard-Light.otf in Resources */ = {isa = PBXBuildFile; fileRef = 713F4EFE2B5E082700694F05 /* Pretendard-Light.otf */; };
		713F4F082B5E082700694F05 /* Pretendard-SemiBold.otf in Resources */ = {isa = PBXBuildFile; fileRef = 713F4EFF2B5E082700694F05 /* Pretendard-SemiBold.otf */; };
		713F4F092B5E082700694F05 /* Pretendard-ExtraLight.otf in Resources */ = {isa = PBXBuildFile; fileRef = 713F4F002B5E082700694F05 /* Pretendard-ExtraLight.otf */; };
		713F4F0A2B5E082700694F05 /* Pretendard-Medium.otf in Resources */ = {isa = PBXBuildFile; fileRef = 713F4F012B5E082700694F05 /* Pretendard-Medium.otf */; };
		713F4F0B2B5E082700694F05 /* Pretendard-Thin.otf in Resources */ = {isa = PBXBuildFile; fileRef = 713F4F022B5E082700694F05 /* Pretendard-Thin.otf */; };
		713F4F0C2B5E082700694F05 /* Pretendard-Bold.otf in Resources */ = {isa = PBXBuildFile; fileRef = 713F4F032B5E082700694F05 /* Pretendard-Bold.otf */; };
		713F4F0D2B5E082700694F05 /* Pretendard-Black.otf in Resources */ = {isa = PBXBuildFile; fileRef = 713F4F042B5E082700694F05 /* Pretendard-Black.otf */; };
		713F4F0E2B5E082700694F05 /* Pretendard-Regular.otf in Resources */ = {isa = PBXBuildFile; fileRef = 713F4F052B5E082700694F05 /* Pretendard-Regular.otf */; };
		713F4F0F2B5E082700694F05 /* Pretendard-ExtraBold.otf in Resources */ = {isa = PBXBuildFile; fileRef = 713F4F062B5E082700694F05 /* Pretendard-ExtraBold.otf */; };
/* End PBXBuildFile section */

/* Begin PBXFileReference section */
		52EE56C22B5E2AF200C6D423 /* Record.swift */ = {isa = PBXFileReference; lastKnownFileType = sourcecode.swift; path = Record.swift; sourceTree = "<group>"; };
		52EE56C42B5E2AFF00C6D423 /* EyeSense.swift */ = {isa = PBXFileReference; lastKnownFileType = sourcecode.swift; path = EyeSense.swift; sourceTree = "<group>"; };
		52EE56C62B5E2B0B00C6D423 /* VisionTest.swift */ = {isa = PBXFileReference; lastKnownFileType = sourcecode.swift; path = VisionTest.swift; sourceTree = "<group>"; };
		52EE56C92B5E2B2A00C6D423 /* Movement.swift */ = {isa = PBXFileReference; lastKnownFileType = sourcecode.swift; path = Movement.swift; sourceTree = "<group>"; };
		52EE56CE2B5E2C8100C6D423 /* FreeBoard.swift */ = {isa = PBXFileReference; lastKnownFileType = sourcecode.swift; path = FreeBoard.swift; sourceTree = "<group>"; };
		52EE56D02B5E2C8900C6D423 /* FAQ.swift */ = {isa = PBXFileReference; lastKnownFileType = sourcecode.swift; path = FAQ.swift; sourceTree = "<group>"; };
		52EE56D42B5E2D0300C6D423 /* EyeMap.swift */ = {isa = PBXFileReference; lastKnownFileType = sourcecode.swift; path = EyeMap.swift; sourceTree = "<group>"; };
		52EE56D62B5E2D0A00C6D423 /* Profile.swift */ = {isa = PBXFileReference; lastKnownFileType = sourcecode.swift; path = Profile.swift; sourceTree = "<group>"; };
		52EE56D92B5E2D4F00C6D423 /* Account.swift */ = {isa = PBXFileReference; lastKnownFileType = sourcecode.swift; path = Account.swift; sourceTree = "<group>"; };
		71027A522B5DEAE000879DA7 /* EYE-Mate.app */ = {isa = PBXFileReference; explicitFileType = wrapper.application; includeInIndex = 0; path = "EYE-Mate.app"; sourceTree = BUILT_PRODUCTS_DIR; };
		71027A552B5DEAE000879DA7 /* EYE_MateApp.swift */ = {isa = PBXFileReference; lastKnownFileType = sourcecode.swift; path = EYE_MateApp.swift; sourceTree = "<group>"; };
		71027A572B5DEAE000879DA7 /* ContentView.swift */ = {isa = PBXFileReference; lastKnownFileType = sourcecode.swift; path = ContentView.swift; sourceTree = "<group>"; };
		71027A592B5DEAE200879DA7 /* Assets.xcassets */ = {isa = PBXFileReference; lastKnownFileType = folder.assetcatalog; path = Assets.xcassets; sourceTree = "<group>"; };
		71027A5C2B5DEAE200879DA7 /* Preview Assets.xcassets */ = {isa = PBXFileReference; lastKnownFileType = folder.assetcatalog; path = "Preview Assets.xcassets"; sourceTree = "<group>"; };
		713F4EF02B5E06FE00694F05 /* ColorLiterals.swift */ = {isa = PBXFileReference; lastKnownFileType = sourcecode.swift; path = ColorLiterals.swift; sourceTree = "<group>"; };
		713F4EF22B5E070700694F05 /* FontLiterals.swift */ = {isa = PBXFileReference; lastKnownFileType = sourcecode.swift; path = FontLiterals.swift; sourceTree = "<group>"; };
		713F4EFE2B5E082700694F05 /* Pretendard-Light.otf */ = {isa = PBXFileReference; lastKnownFileType = file; path = "Pretendard-Light.otf"; sourceTree = "<group>"; };
		713F4EFF2B5E082700694F05 /* Pretendard-SemiBold.otf */ = {isa = PBXFileReference; lastKnownFileType = file; path = "Pretendard-SemiBold.otf"; sourceTree = "<group>"; };
		713F4F002B5E082700694F05 /* Pretendard-ExtraLight.otf */ = {isa = PBXFileReference; lastKnownFileType = file; path = "Pretendard-ExtraLight.otf"; sourceTree = "<group>"; };
		713F4F012B5E082700694F05 /* Pretendard-Medium.otf */ = {isa = PBXFileReference; lastKnownFileType = file; path = "Pretendard-Medium.otf"; sourceTree = "<group>"; };
		713F4F022B5E082700694F05 /* Pretendard-Thin.otf */ = {isa = PBXFileReference; lastKnownFileType = file; path = "Pretendard-Thin.otf"; sourceTree = "<group>"; };
		713F4F032B5E082700694F05 /* Pretendard-Bold.otf */ = {isa = PBXFileReference; lastKnownFileType = file; path = "Pretendard-Bold.otf"; sourceTree = "<group>"; };
		713F4F042B5E082700694F05 /* Pretendard-Black.otf */ = {isa = PBXFileReference; lastKnownFileType = file; path = "Pretendard-Black.otf"; sourceTree = "<group>"; };
		713F4F052B5E082700694F05 /* Pretendard-Regular.otf */ = {isa = PBXFileReference; lastKnownFileType = file; path = "Pretendard-Regular.otf"; sourceTree = "<group>"; };
		713F4F062B5E082700694F05 /* Pretendard-ExtraBold.otf */ = {isa = PBXFileReference; lastKnownFileType = file; path = "Pretendard-ExtraBold.otf"; sourceTree = "<group>"; };
/* End PBXFileReference section */

/* Begin PBXFrameworksBuildPhase section */
		71027A4F2B5DEAE000879DA7 /* Frameworks */ = {
			isa = PBXFrameworksBuildPhase;
			buildActionMask = 2147483647;
			files = (
			);
			runOnlyForDeploymentPostprocessing = 0;
		};
/* End PBXFrameworksBuildPhase section */

/* Begin PBXGroup section */
		52EE56BE2B5E29B100C6D423 /* Home */ = {
			isa = PBXGroup;
			children = (
				52EE56C12B5E2AA600C6D423 /* Record */,
				52EE56C02B5E2A7C00C6D423 /* EyeSense */,
				52EE56BF2B5E2A2500C6D423 /* VisionTest */,
			);
			path = Home;
			sourceTree = "<group>";
		};
		52EE56BF2B5E2A2500C6D423 /* VisionTest */ = {
			isa = PBXGroup;
			children = (
				52EE56C62B5E2B0B00C6D423 /* VisionTest.swift */,
			);
			path = VisionTest;
			sourceTree = "<group>";
		};
		52EE56C02B5E2A7C00C6D423 /* EyeSense */ = {
			isa = PBXGroup;
			children = (
				52EE56C42B5E2AFF00C6D423 /* EyeSense.swift */,
			);
			path = EyeSense;
			sourceTree = "<group>";
		};
		52EE56C12B5E2AA600C6D423 /* Record */ = {
			isa = PBXGroup;
			children = (
				52EE56C22B5E2AF200C6D423 /* Record.swift */,
			);
			path = Record;
			sourceTree = "<group>";
		};
		52EE56C82B5E2B1500C6D423 /* Movement */ = {
			isa = PBXGroup;
			children = (
				52EE56C92B5E2B2A00C6D423 /* Movement.swift */,
			);
			path = Movement;
			sourceTree = "<group>";
		};
		52EE56CB2B5E2B3200C6D423 /* Community */ = {
			isa = PBXGroup;
			children = (
				52EE56CD2B5E2B6100C6D423 /* FreeBoard */,
				52EE56CC2B5E2B5300C6D423 /* FAQ */,
			);
			path = Community;
			sourceTree = "<group>";
		};
		52EE56CC2B5E2B5300C6D423 /* FAQ */ = {
			isa = PBXGroup;
			children = (
				52EE56D02B5E2C8900C6D423 /* FAQ.swift */,
			);
			path = FAQ;
			sourceTree = "<group>";
		};
		52EE56CD2B5E2B6100C6D423 /* FreeBoard */ = {
			isa = PBXGroup;
			children = (
				52EE56CE2B5E2C8100C6D423 /* FreeBoard.swift */,
			);
			path = FreeBoard;
			sourceTree = "<group>";
		};
		52EE56D22B5E2CA800C6D423 /* EyeMap */ = {
			isa = PBXGroup;
			children = (
				52EE56D42B5E2D0300C6D423 /* EyeMap.swift */,
			);
			path = EyeMap;
			sourceTree = "<group>";
		};
		52EE56D32B5E2CF400C6D423 /* Profile */ = {
			isa = PBXGroup;
			children = (
				52EE56D62B5E2D0A00C6D423 /* Profile.swift */,
				52EE56D82B5E2D3F00C6D423 /* Account */,
			);
			path = Profile;
			sourceTree = "<group>";
		};
		52EE56D82B5E2D3F00C6D423 /* Account */ = {
			isa = PBXGroup;
			children = (
				52EE56D92B5E2D4F00C6D423 /* Account.swift */,
			);
			path = Account;
			sourceTree = "<group>";
		};
		71027A492B5DEAE000879DA7 = {
			isa = PBXGroup;
			children = (
				71027A542B5DEAE000879DA7 /* EYE-Mate */,
				71027A532B5DEAE000879DA7 /* Products */,
			);
			sourceTree = "<group>";
		};
		71027A532B5DEAE000879DA7 /* Products */ = {
			isa = PBXGroup;
			children = (
				71027A522B5DEAE000879DA7 /* EYE-Mate.app */,
			);
			name = Products;
			sourceTree = "<group>";
		};
		71027A542B5DEAE000879DA7 /* EYE-Mate */ = {
			isa = PBXGroup;
			children = (
				713F4EF42B5E075F00694F05 /* Resources */,
				713F4EEF2B5E06EE00694F05 /* Literal */,
				71027A552B5DEAE000879DA7 /* EYE_MateApp.swift */,
				71027A572B5DEAE000879DA7 /* ContentView.swift */,
				52EE56BE2B5E29B100C6D423 /* Home */,
				52EE56CB2B5E2B3200C6D423 /* Community */,
				52EE56C82B5E2B1500C6D423 /* Movement */,
				52EE56D22B5E2CA800C6D423 /* EyeMap */,
				52EE56D32B5E2CF400C6D423 /* Profile */,
				71027A592B5DEAE200879DA7 /* Assets.xcassets */,
				71027A5B2B5DEAE200879DA7 /* Preview Content */,
			);
			path = "EYE-Mate";
			sourceTree = "<group>";
		};
		71027A5B2B5DEAE200879DA7 /* Preview Content */ = {
			isa = PBXGroup;
			children = (
				71027A5C2B5DEAE200879DA7 /* Preview Assets.xcassets */,
			);
			path = "Preview Content";
			sourceTree = "<group>";
		};
		713F4EEF2B5E06EE00694F05 /* Literal */ = {
			isa = PBXGroup;
			children = (
				713F4EF02B5E06FE00694F05 /* ColorLiterals.swift */,
				713F4EF22B5E070700694F05 /* FontLiterals.swift */,
			);
			path = Literal;
			sourceTree = "<group>";
		};
		713F4EF42B5E075F00694F05 /* Resources */ = {
			isa = PBXGroup;
			children = (
				713F4EF52B5E077500694F05 /* Fonts */,
			);
			path = Resources;
			sourceTree = "<group>";
		};
		713F4EF52B5E077500694F05 /* Fonts */ = {
			isa = PBXGroup;
			children = (
				713F4F042B5E082700694F05 /* Pretendard-Black.otf */,
				713F4F032B5E082700694F05 /* Pretendard-Bold.otf */,
				713F4F062B5E082700694F05 /* Pretendard-ExtraBold.otf */,
				713F4F002B5E082700694F05 /* Pretendard-ExtraLight.otf */,
				713F4EFE2B5E082700694F05 /* Pretendard-Light.otf */,
				713F4F012B5E082700694F05 /* Pretendard-Medium.otf */,
				713F4F052B5E082700694F05 /* Pretendard-Regular.otf */,
				713F4EFF2B5E082700694F05 /* Pretendard-SemiBold.otf */,
				713F4F022B5E082700694F05 /* Pretendard-Thin.otf */,
			);
			path = Fonts;
			sourceTree = "<group>";
		};
/* End PBXGroup section */

/* Begin PBXNativeTarget section */
		71027A512B5DEAE000879DA7 /* EYE-Mate */ = {
			isa = PBXNativeTarget;
			buildConfigurationList = 71027A602B5DEAE200879DA7 /* Build configuration list for PBXNativeTarget "EYE-Mate" */;
			buildPhases = (
				71027A4E2B5DEAE000879DA7 /* Sources */,
				71027A4F2B5DEAE000879DA7 /* Frameworks */,
				71027A502B5DEAE000879DA7 /* Resources */,
			);
			buildRules = (
			);
			dependencies = (
			);
			name = "EYE-Mate";
			productName = "EYE-Mate";
			productReference = 71027A522B5DEAE000879DA7 /* EYE-Mate.app */;
			productType = "com.apple.product-type.application";
		};
/* End PBXNativeTarget section */

/* Begin PBXProject section */
		71027A4A2B5DEAE000879DA7 /* Project object */ = {
			isa = PBXProject;
			attributes = {
				BuildIndependentTargetsInParallel = 1;
				LastSwiftUpdateCheck = 1520;
				LastUpgradeCheck = 1520;
				TargetAttributes = {
					71027A512B5DEAE000879DA7 = {
						CreatedOnToolsVersion = 15.2;
					};
				};
			};
			buildConfigurationList = 71027A4D2B5DEAE000879DA7 /* Build configuration list for PBXProject "EYE-Mate" */;
			compatibilityVersion = "Xcode 14.0";
			developmentRegion = en;
			hasScannedForEncodings = 0;
			knownRegions = (
				en,
				Base,
			);
			mainGroup = 71027A492B5DEAE000879DA7;
			productRefGroup = 71027A532B5DEAE000879DA7 /* Products */;
			projectDirPath = "";
			projectRoot = "";
			targets = (
				71027A512B5DEAE000879DA7 /* EYE-Mate */,
			);
		};
/* End PBXProject section */

/* Begin PBXResourcesBuildPhase section */
		71027A502B5DEAE000879DA7 /* Resources */ = {
			isa = PBXResourcesBuildPhase;
			buildActionMask = 2147483647;
			files = (
				71027A5D2B5DEAE200879DA7 /* Preview Assets.xcassets in Resources */,
				713F4F0C2B5E082700694F05 /* Pretendard-Bold.otf in Resources */,
				71027A5A2B5DEAE200879DA7 /* Assets.xcassets in Resources */,
				713F4F0B2B5E082700694F05 /* Pretendard-Thin.otf in Resources */,
				713F4F0D2B5E082700694F05 /* Pretendard-Black.otf in Resources */,
				713F4F092B5E082700694F05 /* Pretendard-ExtraLight.otf in Resources */,
				713F4F0F2B5E082700694F05 /* Pretendard-ExtraBold.otf in Resources */,
				713F4F072B5E082700694F05 /* Pretendard-Light.otf in Resources */,
				713F4F0E2B5E082700694F05 /* Pretendard-Regular.otf in Resources */,
				713F4F082B5E082700694F05 /* Pretendard-SemiBold.otf in Resources */,
				713F4F0A2B5E082700694F05 /* Pretendard-Medium.otf in Resources */,
			);
			runOnlyForDeploymentPostprocessing = 0;
		};
/* End PBXResourcesBuildPhase section */

/* Begin PBXSourcesBuildPhase section */
		71027A4E2B5DEAE000879DA7 /* Sources */ = {
			isa = PBXSourcesBuildPhase;
			buildActionMask = 2147483647;
			files = (
				52EE56CF2B5E2C8100C6D423 /* FreeBoard.swift in Sources */,
				52EE56DA2B5E2D4F00C6D423 /* Account.swift in Sources */,
				52EE56D72B5E2D0A00C6D423 /* Profile.swift in Sources */,
				713F4EF32B5E070700694F05 /* FontLiterals.swift in Sources */,
				71027A582B5DEAE000879DA7 /* ContentView.swift in Sources */,
				52EE56D52B5E2D0300C6D423 /* EyeMap.swift in Sources */,
				52EE56C52B5E2AFF00C6D423 /* EyeSense.swift in Sources */,
				52EE56C32B5E2AF200C6D423 /* Record.swift in Sources */,
				52EE56CA2B5E2B2A00C6D423 /* Movement.swift in Sources */,
				71027A562B5DEAE000879DA7 /* EYE_MateApp.swift in Sources */,
				713F4EF12B5E06FE00694F05 /* ColorLiterals.swift in Sources */,
				52EE56D12B5E2C8900C6D423 /* FAQ.swift in Sources */,
				52EE56C72B5E2B0B00C6D423 /* VisionTest.swift in Sources */,
			);
			runOnlyForDeploymentPostprocessing = 0;
		};
/* End PBXSourcesBuildPhase section */

/* Begin XCBuildConfiguration section */
		71027A5E2B5DEAE200879DA7 /* Debug */ = {
			isa = XCBuildConfiguration;
			buildSettings = {
				ALWAYS_SEARCH_USER_PATHS = NO;
				ASSETCATALOG_COMPILER_GENERATE_SWIFT_ASSET_SYMBOL_EXTENSIONS = YES;
				CLANG_ANALYZER_NONNULL = YES;
				CLANG_ANALYZER_NUMBER_OBJECT_CONVERSION = YES_AGGRESSIVE;
				CLANG_CXX_LANGUAGE_STANDARD = "gnu++20";
				CLANG_ENABLE_MODULES = YES;
				CLANG_ENABLE_OBJC_ARC = YES;
				CLANG_ENABLE_OBJC_WEAK = YES;
				CLANG_WARN_BLOCK_CAPTURE_AUTORELEASING = YES;
				CLANG_WARN_BOOL_CONVERSION = YES;
				CLANG_WARN_COMMA = YES;
				CLANG_WARN_CONSTANT_CONVERSION = YES;
				CLANG_WARN_DEPRECATED_OBJC_IMPLEMENTATIONS = YES;
				CLANG_WARN_DIRECT_OBJC_ISA_USAGE = YES_ERROR;
				CLANG_WARN_DOCUMENTATION_COMMENTS = YES;
				CLANG_WARN_EMPTY_BODY = YES;
				CLANG_WARN_ENUM_CONVERSION = YES;
				CLANG_WARN_INFINITE_RECURSION = YES;
				CLANG_WARN_INT_CONVERSION = YES;
				CLANG_WARN_NON_LITERAL_NULL_CONVERSION = YES;
				CLANG_WARN_OBJC_IMPLICIT_RETAIN_SELF = YES;
				CLANG_WARN_OBJC_LITERAL_CONVERSION = YES;
				CLANG_WARN_OBJC_ROOT_CLASS = YES_ERROR;
				CLANG_WARN_QUOTED_INCLUDE_IN_FRAMEWORK_HEADER = YES;
				CLANG_WARN_RANGE_LOOP_ANALYSIS = YES;
				CLANG_WARN_STRICT_PROTOTYPES = YES;
				CLANG_WARN_SUSPICIOUS_MOVE = YES;
				CLANG_WARN_UNGUARDED_AVAILABILITY = YES_AGGRESSIVE;
				CLANG_WARN_UNREACHABLE_CODE = YES;
				CLANG_WARN__DUPLICATE_METHOD_MATCH = YES;
				COPY_PHASE_STRIP = NO;
				DEBUG_INFORMATION_FORMAT = dwarf;
				ENABLE_STRICT_OBJC_MSGSEND = YES;
				ENABLE_TESTABILITY = YES;
				ENABLE_USER_SCRIPT_SANDBOXING = YES;
				GCC_C_LANGUAGE_STANDARD = gnu17;
				GCC_DYNAMIC_NO_PIC = NO;
				GCC_NO_COMMON_BLOCKS = YES;
				GCC_OPTIMIZATION_LEVEL = 0;
				GCC_PREPROCESSOR_DEFINITIONS = (
					"DEBUG=1",
					"$(inherited)",
				);
				GCC_WARN_64_TO_32_BIT_CONVERSION = YES;
				GCC_WARN_ABOUT_RETURN_TYPE = YES_ERROR;
				GCC_WARN_UNDECLARED_SELECTOR = YES;
				GCC_WARN_UNINITIALIZED_AUTOS = YES_AGGRESSIVE;
				GCC_WARN_UNUSED_FUNCTION = YES;
				GCC_WARN_UNUSED_VARIABLE = YES;
				IPHONEOS_DEPLOYMENT_TARGET = 17.2;
				LOCALIZATION_PREFERS_STRING_CATALOGS = YES;
				MTL_ENABLE_DEBUG_INFO = INCLUDE_SOURCE;
				MTL_FAST_MATH = YES;
				ONLY_ACTIVE_ARCH = YES;
				SDKROOT = iphoneos;
				SWIFT_ACTIVE_COMPILATION_CONDITIONS = "DEBUG $(inherited)";
				SWIFT_OPTIMIZATION_LEVEL = "-Onone";
			};
			name = Debug;
		};
		71027A5F2B5DEAE200879DA7 /* Release */ = {
			isa = XCBuildConfiguration;
			buildSettings = {
				ALWAYS_SEARCH_USER_PATHS = NO;
				ASSETCATALOG_COMPILER_GENERATE_SWIFT_ASSET_SYMBOL_EXTENSIONS = YES;
				CLANG_ANALYZER_NONNULL = YES;
				CLANG_ANALYZER_NUMBER_OBJECT_CONVERSION = YES_AGGRESSIVE;
				CLANG_CXX_LANGUAGE_STANDARD = "gnu++20";
				CLANG_ENABLE_MODULES = YES;
				CLANG_ENABLE_OBJC_ARC = YES;
				CLANG_ENABLE_OBJC_WEAK = YES;
				CLANG_WARN_BLOCK_CAPTURE_AUTORELEASING = YES;
				CLANG_WARN_BOOL_CONVERSION = YES;
				CLANG_WARN_COMMA = YES;
				CLANG_WARN_CONSTANT_CONVERSION = YES;
				CLANG_WARN_DEPRECATED_OBJC_IMPLEMENTATIONS = YES;
				CLANG_WARN_DIRECT_OBJC_ISA_USAGE = YES_ERROR;
				CLANG_WARN_DOCUMENTATION_COMMENTS = YES;
				CLANG_WARN_EMPTY_BODY = YES;
				CLANG_WARN_ENUM_CONVERSION = YES;
				CLANG_WARN_INFINITE_RECURSION = YES;
				CLANG_WARN_INT_CONVERSION = YES;
				CLANG_WARN_NON_LITERAL_NULL_CONVERSION = YES;
				CLANG_WARN_OBJC_IMPLICIT_RETAIN_SELF = YES;
				CLANG_WARN_OBJC_LITERAL_CONVERSION = YES;
				CLANG_WARN_OBJC_ROOT_CLASS = YES_ERROR;
				CLANG_WARN_QUOTED_INCLUDE_IN_FRAMEWORK_HEADER = YES;
				CLANG_WARN_RANGE_LOOP_ANALYSIS = YES;
				CLANG_WARN_STRICT_PROTOTYPES = YES;
				CLANG_WARN_SUSPICIOUS_MOVE = YES;
				CLANG_WARN_UNGUARDED_AVAILABILITY = YES_AGGRESSIVE;
				CLANG_WARN_UNREACHABLE_CODE = YES;
				CLANG_WARN__DUPLICATE_METHOD_MATCH = YES;
				COPY_PHASE_STRIP = NO;
				DEBUG_INFORMATION_FORMAT = "dwarf-with-dsym";
				ENABLE_NS_ASSERTIONS = NO;
				ENABLE_STRICT_OBJC_MSGSEND = YES;
				ENABLE_USER_SCRIPT_SANDBOXING = YES;
				GCC_C_LANGUAGE_STANDARD = gnu17;
				GCC_NO_COMMON_BLOCKS = YES;
				GCC_WARN_64_TO_32_BIT_CONVERSION = YES;
				GCC_WARN_ABOUT_RETURN_TYPE = YES_ERROR;
				GCC_WARN_UNDECLARED_SELECTOR = YES;
				GCC_WARN_UNINITIALIZED_AUTOS = YES_AGGRESSIVE;
				GCC_WARN_UNUSED_FUNCTION = YES;
				GCC_WARN_UNUSED_VARIABLE = YES;
				IPHONEOS_DEPLOYMENT_TARGET = 17.2;
				LOCALIZATION_PREFERS_STRING_CATALOGS = YES;
				MTL_ENABLE_DEBUG_INFO = NO;
				MTL_FAST_MATH = YES;
				SDKROOT = iphoneos;
				SWIFT_COMPILATION_MODE = wholemodule;
				VALIDATE_PRODUCT = YES;
			};
			name = Release;
		};
		71027A612B5DEAE200879DA7 /* Debug */ = {
			isa = XCBuildConfiguration;
			buildSettings = {
				ASSETCATALOG_COMPILER_APPICON_NAME = AppIcon;
				ASSETCATALOG_COMPILER_GLOBAL_ACCENT_COLOR_NAME = AccentColor;
				CODE_SIGN_STYLE = Automatic;
				CURRENT_PROJECT_VERSION = 1;
				DEVELOPMENT_ASSET_PATHS = "\"EYE-Mate/Preview Content\"";
				DEVELOPMENT_TEAM = J3XZ67KDFK;
				ENABLE_PREVIEWS = YES;
				GENERATE_INFOPLIST_FILE = YES;
				INFOPLIST_KEY_UIApplicationSceneManifest_Generation = YES;
				INFOPLIST_KEY_UIApplicationSupportsIndirectInputEvents = YES;
				INFOPLIST_KEY_UILaunchScreen_Generation = YES;
				INFOPLIST_KEY_UISupportedInterfaceOrientations_iPad = "UIInterfaceOrientationPortrait UIInterfaceOrientationPortraitUpsideDown UIInterfaceOrientationLandscapeLeft UIInterfaceOrientationLandscapeRight";
				INFOPLIST_KEY_UISupportedInterfaceOrientations_iPhone = "UIInterfaceOrientationPortrait UIInterfaceOrientationLandscapeLeft UIInterfaceOrientationLandscapeRight";
				LD_RUNPATH_SEARCH_PATHS = (
					"$(inherited)",
					"@executable_path/Frameworks",
				);
				MARKETING_VERSION = 1.0;
				PRODUCT_BUNDLE_IDENTIFIER = "Seonghyeon.EYE-Mate";
				PRODUCT_NAME = "$(TARGET_NAME)";
				SWIFT_EMIT_LOC_STRINGS = YES;
				SWIFT_VERSION = 5.0;
				TARGETED_DEVICE_FAMILY = "1,2";
			};
			name = Debug;
		};
		71027A622B5DEAE200879DA7 /* Release */ = {
			isa = XCBuildConfiguration;
			buildSettings = {
				ASSETCATALOG_COMPILER_APPICON_NAME = AppIcon;
				ASSETCATALOG_COMPILER_GLOBAL_ACCENT_COLOR_NAME = AccentColor;
				CODE_SIGN_STYLE = Automatic;
				CURRENT_PROJECT_VERSION = 1;
				DEVELOPMENT_ASSET_PATHS = "\"EYE-Mate/Preview Content\"";
				DEVELOPMENT_TEAM = J3XZ67KDFK;
				ENABLE_PREVIEWS = YES;
				GENERATE_INFOPLIST_FILE = YES;
				INFOPLIST_KEY_UIApplicationSceneManifest_Generation = YES;
				INFOPLIST_KEY_UIApplicationSupportsIndirectInputEvents = YES;
				INFOPLIST_KEY_UILaunchScreen_Generation = YES;
				INFOPLIST_KEY_UISupportedInterfaceOrientations_iPad = "UIInterfaceOrientationPortrait UIInterfaceOrientationPortraitUpsideDown UIInterfaceOrientationLandscapeLeft UIInterfaceOrientationLandscapeRight";
				INFOPLIST_KEY_UISupportedInterfaceOrientations_iPhone = "UIInterfaceOrientationPortrait UIInterfaceOrientationLandscapeLeft UIInterfaceOrientationLandscapeRight";
				LD_RUNPATH_SEARCH_PATHS = (
					"$(inherited)",
					"@executable_path/Frameworks",
				);
				MARKETING_VERSION = 1.0;
				PRODUCT_BUNDLE_IDENTIFIER = "Seonghyeon.EYE-Mate";
				PRODUCT_NAME = "$(TARGET_NAME)";
				SWIFT_EMIT_LOC_STRINGS = YES;
				SWIFT_VERSION = 5.0;
				TARGETED_DEVICE_FAMILY = "1,2";
			};
			name = Release;
		};
/* End XCBuildConfiguration section */

/* Begin XCConfigurationList section */
		71027A4D2B5DEAE000879DA7 /* Build configuration list for PBXProject "EYE-Mate" */ = {
			isa = XCConfigurationList;
			buildConfigurations = (
				71027A5E2B5DEAE200879DA7 /* Debug */,
				71027A5F2B5DEAE200879DA7 /* Release */,
			);
			defaultConfigurationIsVisible = 0;
			defaultConfigurationName = Release;
		};
		71027A602B5DEAE200879DA7 /* Build configuration list for PBXNativeTarget "EYE-Mate" */ = {
			isa = XCConfigurationList;
			buildConfigurations = (
				71027A612B5DEAE200879DA7 /* Debug */,
				71027A622B5DEAE200879DA7 /* Release */,
			);
			defaultConfigurationIsVisible = 0;
			defaultConfigurationName = Release;
		};
/* End XCConfigurationList section */
	};
	rootObject = 71027A4A2B5DEAE000879DA7 /* Project object */;
}
